<?xml version="1.0" encoding="utf-8"?>
<Project ToolsVersion="4.0" xmlns="http://schemas.microsoft.com/developer/msbuild/2003">
  <ItemGroup>
    <Filter Include="Engine">
      <UniqueIdentifier>{277fbd1b-83e0-4bc9-8ac5-9e100919a7c1}</UniqueIdentifier>
    </Filter>
    <Filter Include="Default">
      <UniqueIdentifier>{61b1e06f-dd1b-4436-940d-61528747c747}</UniqueIdentifier>
    </Filter>
    <Filter Include="Engine\00. Header">
      <UniqueIdentifier>{592fa50a-6d12-4fab-be43-3bfa73f2c714}</UniqueIdentifier>
    </Filter>
    <Filter Include="Engine\01. Engine">
      <UniqueIdentifier>{27eaf2b7-d78d-4885-95f7-088c006f1d8f}</UniqueIdentifier>
    </Filter>
    <Filter Include="Engine\02. Device">
      <UniqueIdentifier>{08944dae-fbe3-4b99-aa8c-75e5fee09ab5}</UniqueIdentifier>
    </Filter>
    <Filter Include="Engine\03. Manager">
      <UniqueIdentifier>{34087106-7646-432a-8fc9-0fbad4e0e4ec}</UniqueIdentifier>
    </Filter>
    <Filter Include="Engine\04. Level">
      <UniqueIdentifier>{09ca2359-c94b-414f-a832-9e4ba3d949eb}</UniqueIdentifier>
    </Filter>
    <Filter Include="Engine\03. Manager\01. TimeMgr">
      <UniqueIdentifier>{445e69f9-c3c3-4967-871b-fb0721e142ed}</UniqueIdentifier>
    </Filter>
    <Filter Include="Engine\03. Manager\02. KeyMgr">
      <UniqueIdentifier>{cf14f913-05fe-48b6-b8c9-ba695f6d10a8}</UniqueIdentifier>
    </Filter>
    <Filter Include="Engine\03. Manager\03. LevelMgr">
      <UniqueIdentifier>{f7feae34-a06d-4704-8301-4cef73233de8}</UniqueIdentifier>
    </Filter>
    <Filter Include="Engine\03. Manager\04. PathMgr">
      <UniqueIdentifier>{f9f740bc-25f9-45a9-aa9c-21ebdf55f592}</UniqueIdentifier>
    </Filter>
    <Filter Include="Engine\05. GameObject">
      <UniqueIdentifier>{a40e82eb-31fe-4afe-a99d-8be28d5c3729}</UniqueIdentifier>
    </Filter>
    <Filter Include="Engine\06. Component">
      <UniqueIdentifier>{d8988dcd-eb01-4aa0-a88d-a29ed05800d7}</UniqueIdentifier>
    </Filter>
    <Filter Include="Engine\07. Resource">
      <UniqueIdentifier>{d80e8d3b-afbd-4aaf-ba38-9abc2950ff51}</UniqueIdentifier>
    </Filter>
    <Filter Include="Engine\07. Resource\01. Mesh">
      <UniqueIdentifier>{a1804312-74e3-40dc-a52b-cba250110194}</UniqueIdentifier>
    </Filter>
    <Filter Include="Engine\07. Resource\03. Shader">
      <UniqueIdentifier>{aa6bf4c1-086c-45ae-8dbe-787f5d8fa485}</UniqueIdentifier>
    </Filter>
    <Filter Include="HLSL">
      <UniqueIdentifier>{1c9ce558-b92b-4030-a2e9-ecac660b5a98}</UniqueIdentifier>
    </Filter>
    <Filter Include="Engine\07. Resource\03. Shader\ComputeShader">
      <UniqueIdentifier>{7faed8e1-6a75-49c1-a5ce-8504642ced0d}</UniqueIdentifier>
    </Filter>
    <Filter Include="Engine\07. Resource\03. Shader\GraphicsShader">
      <UniqueIdentifier>{6316aa6e-1a41-4bcd-9c2e-015fb38b6472}</UniqueIdentifier>
    </Filter>
    <Filter Include="Engine\02. Device\01. Buffer">
      <UniqueIdentifier>{29130b91-58ac-4395-ac4c-f8ee73166f13}</UniqueIdentifier>
    </Filter>
    <Filter Include="Engine\03. Manager\05. ResMgr">
      <UniqueIdentifier>{23ab1ae7-dcd3-4787-9838-a0aaa1141e21}</UniqueIdentifier>
    </Filter>
    <Filter Include="Engine\06. Component\01. Transform">
      <UniqueIdentifier>{ec1ce3bb-01c3-4488-bda1-ad51ed0a485f}</UniqueIdentifier>
    </Filter>
    <Filter Include="Engine\06. Component\02. RenderComponent">
      <UniqueIdentifier>{3cb2eea6-7252-42d5-bc0d-8c3868072d67}</UniqueIdentifier>
    </Filter>
    <Filter Include="Engine\07. Resource\02. Texture">
      <UniqueIdentifier>{6c47772f-ee51-403e-90b0-0d07a973ce35}</UniqueIdentifier>
    </Filter>
    <Filter Include="Engine\07. Resource\04. Material">
      <UniqueIdentifier>{946a9c26-1aa8-4bc7-89ce-e330a3d0b5d9}</UniqueIdentifier>
    </Filter>
    <Filter Include="Engine\06. Component\03. Script">
      <UniqueIdentifier>{4a669ca0-4bd8-43e2-9fa0-af61701f056d}</UniqueIdentifier>
    </Filter>
    <Filter Include="Engine\06. Component\02. RenderComponent\MeshRender">
      <UniqueIdentifier>{bba20c21-96a3-412f-a030-b874f60c4851}</UniqueIdentifier>
    </Filter>
    <Filter Include="Engine\06. Component\04. Camera">
      <UniqueIdentifier>{7724e083-5eee-4b22-8060-14cd4dab1cf8}</UniqueIdentifier>
    </Filter>
    <Filter Include="Engine\03. Manager\06. RenderMgr">
      <UniqueIdentifier>{90ca4d70-6f33-4227-b754-d55673fe916f}</UniqueIdentifier>
    </Filter>
    <Filter Include="Engine\03. Manager\07. EventMgr">
      <UniqueIdentifier>{69b49e52-076a-4e05-948b-9d58381bc01c}</UniqueIdentifier>
    </Filter>
    <Filter Include="Engine\09. Optimize">
      <UniqueIdentifier>{7605838f-b108-45c4-928a-9f840da18433}</UniqueIdentifier>
    </Filter>
    <Filter Include="Engine\03. Manager\08. Prefab">
      <UniqueIdentifier>{ad84ed9d-6344-4abe-bf9a-1c902757f304}</UniqueIdentifier>
    </Filter>
    <Filter Include="Engine\03. Manager\09. CollisionMgr">
      <UniqueIdentifier>{c84a0e5c-7b3e-4ca3-9fe3-e354ded53c3d}</UniqueIdentifier>
    </Filter>
    <Filter Include="Engine\00. Header\func">
      <UniqueIdentifier>{b4105d7d-8614-471e-b0f5-ce8ad2966fbf}</UniqueIdentifier>
    </Filter>
    <Filter Include="Engine\03. Manager\10. UIMgr">
      <UniqueIdentifier>{16e54b4a-6a0d-4673-9c81-b9a372ee6edc}</UniqueIdentifier>
    </Filter>
    <Filter Include="Engine\06. Component\06. Animation2D">
      <UniqueIdentifier>{0790efe1-b1df-4d87-8317-1da5a4ca36b9}</UniqueIdentifier>
    </Filter>
    <Filter Include="Engine\06. Component\07. Light2D">
      <UniqueIdentifier>{0bdac1f2-cf7b-4f5b-a0bb-6e9bad1e208c}</UniqueIdentifier>
    </Filter>
    <Filter Include="HLSL\Header">
      <UniqueIdentifier>{dbe9fe6e-9190-4369-ad3a-47c3b4da84d8}</UniqueIdentifier>
    </Filter>
    <Filter Include="HLSL\Compute">
      <UniqueIdentifier>{0e4d52e1-c515-48b2-9d66-75c9fd6c191c}</UniqueIdentifier>
    </Filter>
    <Filter Include="HLSL\Compute\PaintShader">
      <UniqueIdentifier>{9a48f7c0-df0a-4e91-ae7c-572f40371337}</UniqueIdentifier>
    </Filter>
    <Filter Include="HLSL\Compute\ParticleUpdateShader">
      <UniqueIdentifier>{33875787-ea16-4e48-9a22-c04f1070c89b}</UniqueIdentifier>
    </Filter>
    <Filter Include="Engine\09. Optimize\01. Collision">
      <UniqueIdentifier>{2ad695fd-b734-4230-a876-d1e2c1ac1162}</UniqueIdentifier>
    </Filter>
    <Filter Include="Engine\09. Optimize\02. Memory">
      <UniqueIdentifier>{fe0c8997-df6c-4a3e-8113-43f7aa64ef00}</UniqueIdentifier>
    </Filter>
    <Filter Include="Engine\06. Component\02. RenderComponent\ParticleSystem">
      <UniqueIdentifier>{03b337d4-1a68-4a3a-8995-429cb13cec5c}</UniqueIdentifier>
    </Filter>
    <Filter Include="HLSL\Render">
      <UniqueIdentifier>{feb4ef34-e4b3-4e9a-83df-32fc52898dae}</UniqueIdentifier>
    </Filter>
    <Filter Include="cyclone">
      <UniqueIdentifier>{7c50793c-8c5f-4603-9cbe-9e4ee9ea5715}</UniqueIdentifier>
    </Filter>
    <Filter Include="Engine\06. Component\02. RenderComponent\ParticleSystem\01. Explosion">
      <UniqueIdentifier>{2ec775c7-678e-4ba3-b611-5810148009f4}</UniqueIdentifier>
    </Filter>
    <Filter Include="Engine\06. Component\02. RenderComponent\ParticleSystem\02. Default">
      <UniqueIdentifier>{b04c5c09-30d7-4ea7-9fe0-024cb5616b48}</UniqueIdentifier>
    </Filter>
    <Filter Include="HLSL\Compute\ParticleUpdateShader\01. WoodShader">
      <UniqueIdentifier>{a4745f6d-a69a-43f7-a0f1-67deb728286a}</UniqueIdentifier>
    </Filter>
    <Filter Include="Engine\07. Resource\05. Sound">
      <UniqueIdentifier>{3169efc9-9abd-43ef-bbe9-06fb5c7c16ae}</UniqueIdentifier>
    </Filter>
    <Filter Include="Engine\06. Component\08. Map">
      <UniqueIdentifier>{f80f3f2b-ca66-4f5e-a6a4-4d32ec9878df}</UniqueIdentifier>
    </Filter>
    <Filter Include="Engine\03. Manager\11. JPSMgr">
      <UniqueIdentifier>{4db505c0-9b0b-472e-aadd-5df7784c398a}</UniqueIdentifier>
    </Filter>
    <Filter Include="Engine\06. Component\08. Map\01. Terrain">
      <UniqueIdentifier>{e656da3f-9970-43f2-af37-8cdcccef7913}</UniqueIdentifier>
    </Filter>
    <Filter Include="Engine\06. Component\08. Map\02. TileMap">
      <UniqueIdentifier>{e1663176-bf51-405c-a7ed-945abac83735}</UniqueIdentifier>
    </Filter>
    <Filter Include="Engine\10. XML">
      <UniqueIdentifier>{28786064-22d5-4cf0-9aa3-77dbd0edc5c5}</UniqueIdentifier>
    </Filter>
    <Filter Include="Engine\03. Manager\13. FontMgr">
      <UniqueIdentifier>{63c9eddd-5f0c-400d-bbfe-583969f956ec}</UniqueIdentifier>
    </Filter>
    <Filter Include="HLSL\Render\2D">
      <UniqueIdentifier>{c2a3e252-a37a-47b1-b5d4-81aa203c1609}</UniqueIdentifier>
    </Filter>
    <Filter Include="HLSL\Render\2D\Building">
      <UniqueIdentifier>{64970417-a29d-4bab-8534-91a81697a4bb}</UniqueIdentifier>
    </Filter>
    <Filter Include="HLSL\Render\2D\Default">
      <UniqueIdentifier>{ba14e625-ec36-48cd-86c6-8d2ffe12aa8a}</UniqueIdentifier>
    </Filter>
    <Filter Include="HLSL\Render\2D\Effect">
      <UniqueIdentifier>{2fdf47d1-039e-42f2-9f9d-520f0502303b}</UniqueIdentifier>
    </Filter>
    <Filter Include="HLSL\Render\2D\Tile">
      <UniqueIdentifier>{d6f7e9c6-cefb-4340-aad3-1989aae8f910}</UniqueIdentifier>
    </Filter>
    <Filter Include="HLSL\Render\3D">
      <UniqueIdentifier>{18994084-cf8a-4a2d-ac9b-75e767513955}</UniqueIdentifier>
    </Filter>
    <Filter Include="Engine\06. Component\09. Light3D">
      <UniqueIdentifier>{8f394c04-9a72-4ee0-a4b6-b09487873ce7}</UniqueIdentifier>
    </Filter>
    <Filter Include="Engine\03. Manager\06. RenderMgr\01. MRT">
      <UniqueIdentifier>{b716aacc-8184-4043-9c6e-91b9760263d3}</UniqueIdentifier>
    </Filter>
    <Filter Include="Engine\08. Debug">
      <UniqueIdentifier>{43d8419a-d27a-45a0-9d0e-0bb13dbaf00d}</UniqueIdentifier>
    </Filter>
    <Filter Include="Engine\09. Optimize\03. Culling">
      <UniqueIdentifier>{fe17fa46-14ec-4d4c-9833-9f41a7e158ba}</UniqueIdentifier>
    </Filter>
    <Filter Include="HLSL\Compute\LightShader">
      <UniqueIdentifier>{cd7d889c-419e-4192-9cec-f31e43045169}</UniqueIdentifier>
    </Filter>
    <Filter Include="Engine\06. Component\10. CSLight">
      <UniqueIdentifier>{9ffe9577-53f3-414d-8548-493ed6f79a11}</UniqueIdentifier>
    </Filter>
    <Filter Include="Engine\06. Component\02. RenderComponent\SkyBox">
      <UniqueIdentifier>{abff2dad-1625-48e9-a2a6-1a13ce70b1bb}</UniqueIdentifier>
    </Filter>
    <Filter Include="Engine\06. Component\02. RenderComponent\Decal">
      <UniqueIdentifier>{a1ac641a-98ae-4ece-8e22-2b8e7ee0614c}</UniqueIdentifier>
    </Filter>
    <Filter Include="Engine\06. Component\04. Camera\01. Frustum">
      <UniqueIdentifier>{51a5f27a-9e85-4d38-8755-37a7c5d37982}</UniqueIdentifier>
    </Filter>
    <Filter Include="Engine\06. Component\05. Collider">
      <UniqueIdentifier>{1ab55465-0510-46f2-9b19-79a6bdf9e3c6}</UniqueIdentifier>
    </Filter>
    <Filter Include="Engine\06. Component\05. Collider\01. Collider2D">
      <UniqueIdentifier>{316b5957-65f0-429f-94c6-bc9c00fa85c5}</UniqueIdentifier>
    </Filter>
    <Filter Include="Engine\06. Component\05. Collider\02. Collider3D">
      <UniqueIdentifier>{83ad8df6-f8cc-4b94-85b3-5ab19e342f3c}</UniqueIdentifier>
    </Filter>
    <Filter Include="Engine\11. Math">
      <UniqueIdentifier>{b42a5d0e-9864-44f7-a1c7-49fbb4830ecf}</UniqueIdentifier>
    </Filter>
    <Filter Include="Engine\06. Component\02. RenderComponent\FogRender">
      <UniqueIdentifier>{da90f849-8cab-49e8-a321-7436210d9053}</UniqueIdentifier>
    </Filter>
    <Filter Include="Engine\06. Component\02. RenderComponent\CLandScape">
      <UniqueIdentifier>{2d06743a-e983-4664-9985-e23baf396135}</UniqueIdentifier>
    </Filter>
  </ItemGroup>
  <ItemGroup>
    <ClInclude Include="framework.h">
      <Filter>Default</Filter>
    </ClInclude>
    <ClInclude Include="pch.h">
      <Filter>Default</Filter>
    </ClInclude>
    <ClInclude Include="global.h">
      <Filter>Engine\00. Header</Filter>
    </ClInclude>
    <ClInclude Include="define.h">
      <Filter>Engine\00. Header</Filter>
    </ClInclude>
    <ClInclude Include="struct.h">
      <Filter>Engine\00. Header</Filter>
    </ClInclude>
    <ClInclude Include="CEngine.h">
      <Filter>Engine\01. Engine</Filter>
    </ClInclude>
    <ClInclude Include="CDevice.h">
      <Filter>Engine\02. Device</Filter>
    </ClInclude>
    <ClInclude Include="CLevel.h">
      <Filter>Engine\04. Level</Filter>
    </ClInclude>
    <ClInclude Include="CTimeMgr.h">
      <Filter>Engine\03. Manager\01. TimeMgr</Filter>
    </ClInclude>
    <ClInclude Include="CKeyMgr.h">
      <Filter>Engine\03. Manager\02. KeyMgr</Filter>
    </ClInclude>
    <ClInclude Include="CLevelMgr.h">
      <Filter>Engine\03. Manager\03. LevelMgr</Filter>
    </ClInclude>
    <ClInclude Include="CPathMgr.h">
      <Filter>Engine\03. Manager\04. PathMgr</Filter>
    </ClInclude>
    <ClInclude Include="CRes.h">
      <Filter>Engine\07. Resource</Filter>
    </ClInclude>
    <ClInclude Include="CMesh.h">
      <Filter>Engine\07. Resource\01. Mesh</Filter>
    </ClInclude>
    <ClInclude Include="CShader.h">
      <Filter>Engine\07. Resource\03. Shader</Filter>
    </ClInclude>
    <ClInclude Include="CResMgr.h">
      <Filter>Engine\03. Manager\05. ResMgr</Filter>
    </ClInclude>
    <ClInclude Include="CConstBuffer.h">
      <Filter>Engine\02. Device\01. Buffer</Filter>
    </ClInclude>
    <ClInclude Include="CGameObject.h">
      <Filter>Engine\05. GameObject</Filter>
    </ClInclude>
    <ClInclude Include="CTransform.h">
      <Filter>Engine\06. Component\01. Transform</Filter>
    </ClInclude>
    <ClInclude Include="CLayer.h">
      <Filter>Engine\04. Level</Filter>
    </ClInclude>
    <ClInclude Include="CTexture.h">
      <Filter>Engine\07. Resource\02. Texture</Filter>
    </ClInclude>
    <ClInclude Include="CMaterial.h">
      <Filter>Engine\07. Resource\04. Material</Filter>
    </ClInclude>
    <ClInclude Include="CScript.h">
      <Filter>Engine\06. Component\03. Script</Filter>
    </ClInclude>
    <ClInclude Include="Ptr.h">
      <Filter>Engine\07. Resource</Filter>
    </ClInclude>
    <ClInclude Include="GlobalComponent.h">
      <Filter>Engine\00. Header</Filter>
    </ClInclude>
    <ClInclude Include="singleton.h">
      <Filter>Engine\00. Header</Filter>
    </ClInclude>
    <ClInclude Include="CRenderComponent.h">
      <Filter>Engine\06. Component\02. RenderComponent</Filter>
    </ClInclude>
    <ClInclude Include="CMeshRender.h">
      <Filter>Engine\06. Component\02. RenderComponent\MeshRender</Filter>
    </ClInclude>
    <ClInclude Include="d3dUtil.h">
      <Filter>Engine\00. Header</Filter>
    </ClInclude>
    <ClInclude Include="extern.cpp">
      <Filter>Engine\00. Header</Filter>
    </ClInclude>
    <ClInclude Include="CCamera.h">
      <Filter>Engine\06. Component\04. Camera</Filter>
    </ClInclude>
    <ClInclude Include="CGraphicsShader.h">
      <Filter>Engine\07. Resource\03. Shader\GraphicsShader</Filter>
    </ClInclude>
    <ClInclude Include="CRenderMgr.h">
      <Filter>Engine\03. Manager\06. RenderMgr</Filter>
    </ClInclude>
    <ClInclude Include="CEventMgr.h">
      <Filter>Engine\03. Manager\07. EventMgr</Filter>
    </ClInclude>
    <ClInclude Include="CPrefab.h">
      <Filter>Engine\03. Manager\08. Prefab</Filter>
    </ClInclude>
    <ClInclude Include="CCollisionMgr.h">
      <Filter>Engine\03. Manager\09. CollisionMgr</Filter>
    </ClInclude>
    <ClInclude Include="CCollider2D.h">
      <Filter>Engine\06. Component\05. Collider\01. Collider2D</Filter>
    </ClInclude>
    <ClInclude Include="func.h">
      <Filter>Engine\00. Header\func</Filter>
    </ClInclude>
    <ClInclude Include="CUIMgr.h">
      <Filter>Engine\03. Manager\10. UIMgr</Filter>
    </ClInclude>
    <ClInclude Include="GlobalScript.h">
      <Filter>Engine\00. Header</Filter>
    </ClInclude>
    <ClInclude Include="CComponent.h">
      <Filter>Engine\06. Component</Filter>
    </ClInclude>
    <ClInclude Include="CAnimation2D.h">
      <Filter>Engine\06. Component\06. Animation2D</Filter>
    </ClInclude>
    <ClInclude Include="CAnimator2D.h">
      <Filter>Engine\06. Component\06. Animation2D</Filter>
    </ClInclude>
    <ClInclude Include="CStructuredBuffer.h">
      <Filter>Engine\02. Device\01. Buffer</Filter>
    </ClInclude>
    <ClInclude Include="CLight2D.h">
      <Filter>Engine\06. Component\07. Light2D</Filter>
    </ClInclude>
    <ClInclude Include="CComputeShader.h">
      <Filter>Engine\07. Resource\03. Shader\ComputeShader</Filter>
    </ClInclude>
    <ClInclude Include="CPaintShader.h">
      <Filter>HLSL\Compute\PaintShader</Filter>
    </ClInclude>
    <ClInclude Include="CParticleUpdateShader.h">
      <Filter>HLSL\Compute\ParticleUpdateShader</Filter>
    </ClInclude>
    <ClInclude Include="AABB.h">
      <Filter>Engine\09. Optimize\01. Collision</Filter>
    </ClInclude>
    <ClInclude Include="QuadNode.h">
      <Filter>Engine\09. Optimize\01. Collision</Filter>
    </ClInclude>
    <ClInclude Include="QuadTree.h">
      <Filter>Engine\09. Optimize\01. Collision</Filter>
    </ClInclude>
    <ClInclude Include="chunk.h">
      <Filter>Engine\09. Optimize\02. Memory</Filter>
    </ClInclude>
    <ClInclude Include="chunkgroup.h">
      <Filter>Engine\09. Optimize\02. Memory</Filter>
    </ClInclude>
    <ClInclude Include="Memorypool.h">
      <Filter>Engine\09. Optimize\02. Memory</Filter>
    </ClInclude>
    <ClInclude Include="smallobjallocator.h">
      <Filter>Engine\09. Optimize\02. Memory</Filter>
    </ClInclude>
    <ClInclude Include="CParticleSystem.h">
      <Filter>Engine\06. Component\02. RenderComponent\ParticleSystem</Filter>
    </ClInclude>
    <ClInclude Include="CParticleExplosion.h">
      <Filter>Engine\06. Component\02. RenderComponent\ParticleSystem\01. Explosion</Filter>
    </ClInclude>
    <ClInclude Include="CParticleDefault.h">
      <Filter>Engine\06. Component\02. RenderComponent\ParticleSystem\02. Default</Filter>
    </ClInclude>
    <ClInclude Include="CEntity.h">
      <Filter>Engine\05. GameObject</Filter>
    </ClInclude>
    <ClInclude Include="stb_image.h">
      <Filter>Default</Filter>
    </ClInclude>
    <ClInclude Include="CSound.h">
      <Filter>Engine\07. Resource\05. Sound</Filter>
    </ClInclude>
    <ClInclude Include="CTerrain.h">
      <Filter>Engine\06. Component\08. Map\01. Terrain</Filter>
    </ClInclude>
    <ClInclude Include="BitArray.h">
      <Filter>Engine\03. Manager\11. JPSMgr</Filter>
    </ClInclude>
    <ClInclude Include="CoreTypeDef.h">
      <Filter>Engine\03. Manager\11. JPSMgr</Filter>
    </ClInclude>
    <ClInclude Include="JPSCollision.h">
      <Filter>Engine\03. Manager\11. JPSMgr</Filter>
    </ClInclude>
    <ClInclude Include="Base.h">
      <Filter>Engine\03. Manager\11. JPSMgr</Filter>
    </ClInclude>
    <ClInclude Include="JPSHeap.h">
      <Filter>Engine\03. Manager\11. JPSMgr</Filter>
    </ClInclude>
    <ClInclude Include="JPSPath.h">
      <Filter>Engine\03. Manager\11. JPSMgr</Filter>
    </ClInclude>
    <ClInclude Include="CTileMap.h">
      <Filter>Engine\06. Component\08. Map\02. TileMap</Filter>
    </ClInclude>
    <ClInclude Include="tinystr.h">
      <Filter>Engine\10. XML</Filter>
    </ClInclude>
    <ClInclude Include="tinyxml.h">
      <Filter>Engine\10. XML</Filter>
    </ClInclude>
    <ClInclude Include="CJpsMgr.h">
      <Filter>Engine\03. Manager\11. JPSMgr</Filter>
    </ClInclude>
    <ClInclude Include="CFontMgr.h">
      <Filter>Engine\03. Manager\13. FontMgr</Filter>
    </ClInclude>
    <ClInclude Include="CLight3D.h">
      <Filter>Engine\06. Component\09. Light3D</Filter>
    </ClInclude>
    <ClInclude Include="CMRT.h">
      <Filter>Engine\03. Manager\06. RenderMgr\01. MRT</Filter>
    </ClInclude>
    <ClInclude Include="debug_renderer.h">
      <Filter>Engine\08. Debug</Filter>
    </ClInclude>
    <ClInclude Include="frustum_culling.h">
      <Filter>Engine\09. Optimize\03. Culling</Filter>
    </ClInclude>
    <ClInclude Include="CSLight.h">
      <Filter>Engine\06. Component\10. CSLight</Filter>
    </ClInclude>
    <ClInclude Include="CDecal.h">
      <Filter>Engine\06. Component\02. RenderComponent\Decal</Filter>
    </ClInclude>
    <ClInclude Include="CSkyBox.h">
      <Filter>Engine\06. Component\02. RenderComponent\SkyBox</Filter>
    </ClInclude>
    <ClInclude Include="CFrustum.h">
      <Filter>Engine\06. Component\04. Camera\01. Frustum</Filter>
    </ClInclude>
    <ClInclude Include="CCollider3D.h">
      <Filter>Engine\06. Component\05. Collider\02. Collider3D</Filter>
    </ClInclude>
    <ClInclude Include="CCollider.h">
      <Filter>Engine\06. Component\05. Collider</Filter>
    </ClInclude>
    <ClInclude Include="CLandScape.h">
      <Filter>Engine\06. Component\02. RenderComponent\CLandScape</Filter>
    </ClInclude>
  </ItemGroup>
  <ItemGroup>
    <ClCompile Include="Engine.cpp">
      <Filter>Default</Filter>
    </ClCompile>
    <ClCompile Include="pch.cpp">
      <Filter>Default</Filter>
    </ClCompile>
    <ClCompile Include="CEngine.cpp">
      <Filter>Engine\01. Engine</Filter>
    </ClCompile>
    <ClCompile Include="CDevice.cpp">
      <Filter>Engine\02. Device</Filter>
    </ClCompile>
    <ClCompile Include="CLevel.cpp">
      <Filter>Engine\04. Level</Filter>
    </ClCompile>
    <ClCompile Include="CTimeMgr.cpp">
      <Filter>Engine\03. Manager\01. TimeMgr</Filter>
    </ClCompile>
    <ClCompile Include="CKeyMgr.cpp">
      <Filter>Engine\03. Manager\02. KeyMgr</Filter>
    </ClCompile>
    <ClCompile Include="CLevelMgr.cpp">
      <Filter>Engine\03. Manager\03. LevelMgr</Filter>
    </ClCompile>
    <ClCompile Include="CPathMgr.cpp">
      <Filter>Engine\03. Manager\04. PathMgr</Filter>
    </ClCompile>
    <ClCompile Include="CRes.cpp">
      <Filter>Engine\07. Resource</Filter>
    </ClCompile>
    <ClCompile Include="CMesh.cpp">
      <Filter>Engine\07. Resource\01. Mesh</Filter>
    </ClCompile>
    <ClCompile Include="CShader.cpp">
      <Filter>Engine\07. Resource\03. Shader</Filter>
    </ClCompile>
    <ClCompile Include="CResMgr.cpp">
      <Filter>Engine\03. Manager\05. ResMgr</Filter>
    </ClCompile>
    <ClCompile Include="CConstBuffer.cpp">
      <Filter>Engine\02. Device\01. Buffer</Filter>
    </ClCompile>
    <ClCompile Include="CGraphicsShader.cpp">
      <Filter>Engine\07. Resource\03. Shader\GraphicsShader</Filter>
    </ClCompile>
    <ClCompile Include="CGameObject.cpp">
      <Filter>Engine\05. GameObject</Filter>
    </ClCompile>
    <ClCompile Include="CTransform.cpp">
      <Filter>Engine\06. Component\01. Transform</Filter>
    </ClCompile>
    <ClCompile Include="CLayer.cpp">
      <Filter>Engine\04. Level</Filter>
    </ClCompile>
    <ClCompile Include="CComponent.cpp">
      <Filter>Engine\06. Component</Filter>
    </ClCompile>
    <ClCompile Include="CTexture.cpp">
      <Filter>Engine\07. Resource\02. Texture</Filter>
    </ClCompile>
    <ClCompile Include="CMaterial.cpp">
      <Filter>Engine\07. Resource\04. Material</Filter>
    </ClCompile>
    <ClCompile Include="CScript.cpp">
      <Filter>Engine\06. Component\03. Script</Filter>
    </ClCompile>
    <ClCompile Include="CRenderComponent.cpp">
      <Filter>Engine\06. Component\02. RenderComponent</Filter>
    </ClCompile>
    <ClCompile Include="CMeshRender.cpp">
      <Filter>Engine\06. Component\02. RenderComponent\MeshRender</Filter>
    </ClCompile>
    <ClCompile Include="CCamera.cpp">
      <Filter>Engine\06. Component\04. Camera</Filter>
    </ClCompile>
    <ClCompile Include="CRenderMgr.cpp">
      <Filter>Engine\03. Manager\06. RenderMgr</Filter>
    </ClCompile>
    <ClCompile Include="CEventMgr.cpp">
      <Filter>Engine\03. Manager\07. EventMgr</Filter>
    </ClCompile>
    <ClCompile Include="CPrefab.cpp">
      <Filter>Engine\03. Manager\08. Prefab</Filter>
    </ClCompile>
    <ClCompile Include="CResMgr_init.cpp">
      <Filter>Engine\03. Manager\05. ResMgr</Filter>
    </ClCompile>
    <ClCompile Include="CCollisionMgr.cpp">
      <Filter>Engine\03. Manager\09. CollisionMgr</Filter>
    </ClCompile>
    <ClCompile Include="CCollider2D.cpp">
      <Filter>Engine\06. Component\05. Collider\01. Collider2D</Filter>
    </ClCompile>
    <ClCompile Include="func.cpp">
      <Filter>Engine\00. Header\func</Filter>
    </ClCompile>
    <ClCompile Include="CUIMgr.cpp">
      <Filter>Engine\03. Manager\10. UIMgr</Filter>
    </ClCompile>
    <ClCompile Include="CAnimation2D.cpp">
      <Filter>Engine\06. Component\06. Animation2D</Filter>
    </ClCompile>
    <ClCompile Include="CAnimator2D.cpp">
      <Filter>Engine\06. Component\06. Animation2D</Filter>
    </ClCompile>
    <ClCompile Include="CStructuredBuffer.cpp">
      <Filter>Engine\02. Device\01. Buffer</Filter>
    </ClCompile>
    <ClCompile Include="CLight2D.cpp">
      <Filter>Engine\06. Component\07. Light2D</Filter>
    </ClCompile>
    <ClCompile Include="CComputeShader.cpp">
      <Filter>Engine\07. Resource\03. Shader\ComputeShader</Filter>
    </ClCompile>
    <ClCompile Include="CPaintShader.cpp">
      <Filter>HLSL\Compute\PaintShader</Filter>
    </ClCompile>
    <ClCompile Include="CParticleUpdateShader.cpp">
      <Filter>HLSL\Compute\ParticleUpdateShader</Filter>
    </ClCompile>
    <ClCompile Include="QuadNode.cpp">
      <Filter>Engine\09. Optimize\01. Collision</Filter>
    </ClCompile>
    <ClCompile Include="QuadTree.cpp">
      <Filter>Engine\09. Optimize\01. Collision</Filter>
    </ClCompile>
    <ClCompile Include="CParticleSystem.cpp">
      <Filter>Engine\06. Component\02. RenderComponent\ParticleSystem</Filter>
    </ClCompile>
    <ClCompile Include="CParticleExplosion.cpp">
      <Filter>Engine\06. Component\02. RenderComponent\ParticleSystem\01. Explosion</Filter>
    </ClCompile>
    <ClCompile Include="CParticleDefault.cpp">
      <Filter>Engine\06. Component\02. RenderComponent\ParticleSystem\02. Default</Filter>
    </ClCompile>
    <ClCompile Include="CEntity.cpp">
      <Filter>Engine\05. GameObject</Filter>
    </ClCompile>
    <ClCompile Include="CSound.cpp">
      <Filter>Engine\07. Resource\05. Sound</Filter>
    </ClCompile>
    <ClCompile Include="CTerrain.cpp">
      <Filter>Engine\06. Component\08. Map\01. Terrain</Filter>
    </ClCompile>
    <ClCompile Include="JPSCollision.cpp">
      <Filter>Engine\03. Manager\11. JPSMgr</Filter>
    </ClCompile>
    <ClCompile Include="JPSPath.cpp">
      <Filter>Engine\03. Manager\11. JPSMgr</Filter>
    </ClCompile>
    <ClCompile Include="CTileMap.cpp">
      <Filter>Engine\06. Component\08. Map\02. TileMap</Filter>
    </ClCompile>
    <ClCompile Include="tinystr.cpp">
      <Filter>Engine\10. XML</Filter>
    </ClCompile>
    <ClCompile Include="tinyxml.cpp">
      <Filter>Engine\10. XML</Filter>
    </ClCompile>
    <ClCompile Include="tinyxmlerror.cpp">
      <Filter>Engine\10. XML</Filter>
    </ClCompile>
    <ClCompile Include="tinyxmlparser.cpp">
      <Filter>Engine\10. XML</Filter>
    </ClCompile>
    <ClCompile Include="smallobjallocator.cpp">
      <Filter>Engine\09. Optimize\02. Memory</Filter>
    </ClCompile>
    <ClCompile Include="CJpsMgr.cpp">
      <Filter>Engine\03. Manager\11. JPSMgr</Filter>
    </ClCompile>
    <ClCompile Include="CFontMgr.cpp">
      <Filter>Engine\03. Manager\13. FontMgr</Filter>
    </ClCompile>
    <ClCompile Include="CLight3D.cpp">
      <Filter>Engine\06. Component\09. Light3D</Filter>
    </ClCompile>
    <ClCompile Include="CMRT.cpp">
      <Filter>Engine\03. Manager\06. RenderMgr\01. MRT</Filter>
    </ClCompile>
    <ClCompile Include="CRenderMgr_init.cpp">
      <Filter>Engine\03. Manager\06. RenderMgr</Filter>
    </ClCompile>
    <ClCompile Include="debug_renderer.cpp">
      <Filter>Engine\08. Debug</Filter>
    </ClCompile>
    <ClCompile Include="CSLight.cpp">
      <Filter>Engine\06. Component\10. CSLight</Filter>
    </ClCompile>
    <ClCompile Include="CDecal.cpp">
      <Filter>Engine\06. Component\02. RenderComponent\Decal</Filter>
    </ClCompile>
    <ClCompile Include="CSkyBox.cpp">
      <Filter>Engine\06. Component\02. RenderComponent\SkyBox</Filter>
    </ClCompile>
    <ClCompile Include="CFrustum.cpp">
      <Filter>Engine\06. Component\04. Camera\01. Frustum</Filter>
    </ClCompile>
    <ClCompile Include="CCollider3D.cpp">
      <Filter>Engine\06. Component\05. Collider\02. Collider3D</Filter>
    </ClCompile>
    <ClCompile Include="CCollider.cpp">
      <Filter>Engine\06. Component\05. Collider</Filter>
    </ClCompile>
    <ClCompile Include="CLandScape.cpp">
      <Filter>Engine\06. Component\02. RenderComponent\CLandScape</Filter>
    </ClCompile>
    <ClCompile Include="CLandScape_init.cpp">
      <Filter>Engine\06. Component\02. RenderComponent\CLandScape</Filter>
    </ClCompile>
  </ItemGroup>
  <ItemGroup>
    <FxCompile Include="register.fx">
      <Filter>HLSL\Header</Filter>
    </FxCompile>
    <FxCompile Include="struct.fx">
      <Filter>HLSL\Header</Filter>
    </FxCompile>
    <FxCompile Include="tile.fx">
      <Filter>HLSL</Filter>
    </FxCompile>
    <FxCompile Include="compute.fx">
      <Filter>HLSL\Compute\PaintShader</Filter>
    </FxCompile>
    <FxCompile Include="debugdraw.fx">
      <Filter>HLSL\Render</Filter>
    </FxCompile>
    <FxCompile Include="DragEffect.fx">
      <Filter>HLSL\Render</Filter>
    </FxCompile>
    <FxCompile Include="editor.fx">
      <Filter>HLSL\Render</Filter>
    </FxCompile>
    <FxCompile Include="test.fx">
      <Filter>HLSL\Render</Filter>
    </FxCompile>
    <FxCompile Include="particleupdate.fx">
      <Filter>HLSL\Compute\ParticleUpdateShader</Filter>
    </FxCompile>
    <FxCompile Include="wave.fx">
      <Filter>HLSL\Header</Filter>
    </FxCompile>
    <FxCompile Include="particleupdatewood.fx">
      <Filter>HLSL\Compute\ParticleUpdateShader\01. WoodShader</Filter>
    </FxCompile>
    <FxCompile Include="objectrenderer.fx">
      <Filter>HLSL\Render\2D\Default</Filter>
    </FxCompile>
    <FxCompile Include="std2d.fx">
      <Filter>HLSL\Render\2D\Default</Filter>
    </FxCompile>
    <FxCompile Include="particlerender.fx">
      <Filter>HLSL\Render\2D\Effect</Filter>
    </FxCompile>
    <FxCompile Include="postprocess.fx">
      <Filter>HLSL\Render\2D\Effect</Filter>
    </FxCompile>
    <FxCompile Include="selectedunit.fx">
      <Filter>HLSL\Render\2D\Effect</Filter>
    </FxCompile>
    <FxCompile Include="shadowrenderer.fx">
      <Filter>HLSL\Render\2D\Effect</Filter>
    </FxCompile>
    <FxCompile Include="terrain.fx">
      <Filter>HLSL\Render\2D\Tile</Filter>
    </FxCompile>
    <FxCompile Include="func.fx">
      <Filter>HLSL\Header</Filter>
    </FxCompile>
    <FxCompile Include="bordermap.fx">
      <Filter>HLSL\Render\2D\Tile</Filter>
    </FxCompile>
    <FxCompile Include="tilemap.fx">
      <Filter>HLSL\Render\2D\Tile</Filter>
    </FxCompile>
    <FxCompile Include="ui.fx">
      <Filter>HLSL\Render\2D\Default</Filter>
    </FxCompile>
    <FxCompile Include="opaque.fx">
      <Filter>HLSL\Render\2D\Default</Filter>
    </FxCompile>
    <FxCompile Include="building.fx">
      <Filter>HLSL\Render\2D\Building</Filter>
    </FxCompile>
    <FxCompile Include="std3d.fx">
      <Filter>HLSL\Render\3D</Filter>
    </FxCompile>
    <FxCompile Include="matrix.fx">
      <Filter>HLSL\Header</Filter>
    </FxCompile>
    <FxCompile Include="std3d_deffered.fx">
      <Filter>HLSL\Render\3D</Filter>
    </FxCompile>
    <FxCompile Include="merge.fx">
      <Filter>HLSL\Render\3D</Filter>
    </FxCompile>
    <FxCompile Include="light.fx">
      <Filter>HLSL\Render\3D</Filter>
    </FxCompile>
    <FxCompile Include="compute_light.fx">
      <Filter>HLSL\Compute\LightShader</Filter>
    </FxCompile>
    <FxCompile Include="decal.fx">
      <Filter>HLSL\Render\3D</Filter>
    </FxCompile>
    <FxCompile Include="skybox.fx">
      <Filter>HLSL\Render\3D</Filter>
    </FxCompile>
    <FxCompile Include="fog.fx">
      <Filter>HLSL\Render\3D</Filter>
    </FxCompile>
    <FxCompile Include="blur.fx">
      <Filter>HLSL\Render\3D</Filter>
    </FxCompile>
    <FxCompile Include="bloom.fx">
      <Filter>HLSL\Render\3D</Filter>
    </FxCompile>
    <FxCompile Include="bloom_update.fx">
      <Filter>HLSL\Render\3D</Filter>
    </FxCompile>
    <FxCompile Include="tess.fx">
      <Filter>HLSL\Render\3D</Filter>
    </FxCompile>
    <FxCompile Include="landscape.fx">
      <Filter>HLSL\Render\3D</Filter>
    </FxCompile>
    <FxCompile Include="landscape_tri.fx">
      <Filter>HLSL\Render\3D</Filter>
    </FxCompile>
    <FxCompile Include="landscapde_quad.fx">
      <Filter>HLSL\Render\3D</Filter>
    </FxCompile>
  </ItemGroup>
</Project>